
Microsoft Visual Studio Solution File, Format Version 12.00
# Visual Studio Version 17
VisualStudioVersion = 17.11.35327.3
MinimumVisualStudioVersion = 10.0.40219.1
Project("{9A19103F-16F7-4668-BE54-9A1E7A4F7556}") = "Northboundei.Mobile", "Northboundei.Mobile.csproj", "{A122E37A-79A5-44C1-B3C4-05E7C7591B04}"
EndProject
Global
	GlobalSection(SolutionConfigurationPlatforms) = preSolution
		Android|Any CPU = Android|Any CPU
		Debug|Any CPU = Debug|Any CPU
		Release|Any CPU = Release|Any CPU
	EndGlobalSection
	GlobalSection(ProjectConfigurationPlatforms) = postSolution
		{A122E37A-79A5-44C1-B3C4-05E7C7591B04}.Android|Any CPU.ActiveCfg = Android|Any CPU
		{A122E37A-79A5-44C1-B3C4-05E7C7591B04}.Android|Any CPU.Build.0 = Android|Any CPU
		{A122E37A-79A5-44C1-B3C4-05E7C7591B04}.Android|Any CPU.Deploy.0 = Android|Any CPU
		{A122E37A-79A5-44C1-B3C4-05E7C7591B04}.Debug|Any CPU.ActiveCfg = Debug|Any CPU
		{A122E37A-79A5-44C1-B3C4-05E7C7591B04}.Debug|Any CPU.Build.0 = Debug|Any CPU
		{A122E37A-79A5-44C1-B3C4-05E7C7591B04}.Debug|Any CPU.Deploy.0 = Debug|Any CPU
		{A122E37A-79A5-44C1-B3C4-05E7C7591B04}.Release|Any CPU.ActiveCfg = Release|Any CPU
		{A122E37A-79A5-44C1-B3C4-05E7C7591B04}.Release|Any CPU.Build.0 = Release|Any CPU
		{A122E37A-79A5-44C1-B3C4-05E7C7591B04}.Release|Any CPU.Deploy.0 = Release|Any CPU
	EndGlobalSection
	GlobalSection(SolutionProperties) = preSolution
		HideSolutionNode = FALSE
	EndGlobalSection
	GlobalSection(ExtensibilityGlobals) = postSolution
		SolutionGuid = {CBD84ADA-0ABD-47C9-BB2F-9EFAC2E49CD8}
	EndGlobalSection
EndGlobal
